
Microsoft Visual Studio Solution File, Format Version 12.00
# Visual Studio Version 16
VisualStudioVersion = 16.0.30320.27
MinimumVisualStudioVersion = 10.0.40219.1
Project("{9A19103F-16F7-4668-BE54-9A1E7A4F7556}") = "Casuallycoding.FireTracker.Console", "Casuallycoding.FireTracker.Console\Casuallycoding.FireTracker.Console.csproj", "{F49CEFDB-6527-4F7C-B0AD-0D24D50A9DBC}"
EndProject
Project("{FAE04EC0-301F-11D3-BF4B-00C04F79EFBC}") = "Casuallycoding.FireTracker.Core", "Casuallycoding.FireTracker.Core\Casuallycoding.FireTracker.Core.csproj", "{9C4812C9-AABF-4560-9432-2993DD284F42}"
EndProject
Global
	GlobalSection(SolutionConfigurationPlatforms) = preSolution
		Debug|Any CPU = Debug|Any CPU
		Release|Any CPU = Release|Any CPU
	EndGlobalSection
	GlobalSection(ProjectConfigurationPlatforms) = postSolution
		{F49CEFDB-6527-4F7C-B0AD-0D24D50A9DBC}.Debug|Any CPU.ActiveCfg = Debug|Any CPU
		{F49CEFDB-6527-4F7C-B0AD-0D24D50A9DBC}.Debug|Any CPU.Build.0 = Debug|Any CPU
		{F49CEFDB-6527-4F7C-B0AD-0D24D50A9DBC}.Release|Any CPU.ActiveCfg = Release|Any CPU
		{F49CEFDB-6527-4F7C-B0AD-0D24D50A9DBC}.Release|Any CPU.Build.0 = Release|Any CPU
		{9C4812C9-AABF-4560-9432-2993DD284F42}.Debug|Any CPU.ActiveCfg = Debug|Any CPU
		{9C4812C9-AABF-4560-9432-2993DD284F42}.Debug|Any CPU.Build.0 = Debug|Any CPU
		{9C4812C9-AABF-4560-9432-2993DD284F42}.Release|Any CPU.ActiveCfg = Release|Any CPU
		{9C4812C9-AABF-4560-9432-2993DD284F42}.Release|Any CPU.Build.0 = Release|Any CPU
	EndGlobalSection
	GlobalSection(SolutionProperties) = preSolution
		HideSolutionNode = FALSE
	EndGlobalSection
	GlobalSection(ExtensibilityGlobals) = postSolution
		SolutionGuid = {EEADCB41-799A-44E5-8DB1-7D3D66C5150C}
	EndGlobalSection
EndGlobal
